
Microsoft Visual Studio Solution File, Format Version 12.00
# Visual Studio Version 17
VisualStudioVersion = 17.9.34902.65
MinimumVisualStudioVersion = 10.0.40219.1
Project("{2150E333-8FDC-42A3-9474-1A3956D46DE8}") = "src", "src", "{A5F23AF1-7920-413D-946F-98A02B3F7983}"
EndProject
Project("{9A19103F-16F7-4668-BE54-9A1E7A4F7556}") = "ADAM.API", "src\api\ADAM.API.csproj", "{69619070-59E4-44DD-9660-AB426C31D7EF}"
EndProject
Project("{9A19103F-16F7-4668-BE54-9A1E7A4F7556}") = "ADAM.Application", "src\application\ADAM.Application.csproj", "{B2B86F04-6180-466D-92F6-66954F76DFF6}"
EndProject
Project("{9A19103F-16F7-4668-BE54-9A1E7A4F7556}") = "ADAM.Domain", "src\domain\ADAM.Domain.csproj", "{FB46B842-7A6F-4D54-B776-AAE56650EB2B}"
EndProject
Project("{E53339B2-1760-4266-BCC7-CA923CBCF16C}") = "docker-compose", "docker-compose.dcproj", "{46E4DACA-7301-46AD-93BC-D453659BA1E9}"
EndProject
Project("{FAE04EC0-301F-11D3-BF4B-00C04F79EFBC}") = "ADAM.Bot", "ADAM.Bot\ADAM.Bot.csproj", "{8481D280-47DF-4157-A7F0-7FDFB6AE13BF}"
EndProject
Project("{FAE04EC0-301F-11D3-BF4B-00C04F79EFBC}") = "ADAM.Common", "ADAM.Common\ADAM.Common.csproj", "{3F7AD5B0-43F0-4D04-A461-7CB8DFB9D378}"
EndProject
Global
	GlobalSection(SolutionConfigurationPlatforms) = preSolution
		Debug|Any CPU = Debug|Any CPU
		Release|Any CPU = Release|Any CPU
	EndGlobalSection
	GlobalSection(ProjectConfigurationPlatforms) = postSolution
		{69619070-59E4-44DD-9660-AB426C31D7EF}.Debug|Any CPU.ActiveCfg = Debug|Any CPU
		{69619070-59E4-44DD-9660-AB426C31D7EF}.Debug|Any CPU.Build.0 = Debug|Any CPU
		{69619070-59E4-44DD-9660-AB426C31D7EF}.Release|Any CPU.ActiveCfg = Release|Any CPU
		{69619070-59E4-44DD-9660-AB426C31D7EF}.Release|Any CPU.Build.0 = Release|Any CPU
		{B2B86F04-6180-466D-92F6-66954F76DFF6}.Debug|Any CPU.ActiveCfg = Debug|Any CPU
		{B2B86F04-6180-466D-92F6-66954F76DFF6}.Debug|Any CPU.Build.0 = Debug|Any CPU
		{B2B86F04-6180-466D-92F6-66954F76DFF6}.Release|Any CPU.ActiveCfg = Release|Any CPU
		{B2B86F04-6180-466D-92F6-66954F76DFF6}.Release|Any CPU.Build.0 = Release|Any CPU
		{FB46B842-7A6F-4D54-B776-AAE56650EB2B}.Debug|Any CPU.ActiveCfg = Debug|Any CPU
		{FB46B842-7A6F-4D54-B776-AAE56650EB2B}.Debug|Any CPU.Build.0 = Debug|Any CPU
		{FB46B842-7A6F-4D54-B776-AAE56650EB2B}.Release|Any CPU.ActiveCfg = Release|Any CPU
		{FB46B842-7A6F-4D54-B776-AAE56650EB2B}.Release|Any CPU.Build.0 = Release|Any CPU
		{46E4DACA-7301-46AD-93BC-D453659BA1E9}.Debug|Any CPU.ActiveCfg = Debug|Any CPU
		{46E4DACA-7301-46AD-93BC-D453659BA1E9}.Debug|Any CPU.Build.0 = Debug|Any CPU
		{46E4DACA-7301-46AD-93BC-D453659BA1E9}.Release|Any CPU.ActiveCfg = Release|Any CPU
		{46E4DACA-7301-46AD-93BC-D453659BA1E9}.Release|Any CPU.Build.0 = Release|Any CPU
		{8481D280-47DF-4157-A7F0-7FDFB6AE13BF}.Debug|Any CPU.ActiveCfg = Debug|Any CPU
		{8481D280-47DF-4157-A7F0-7FDFB6AE13BF}.Debug|Any CPU.Build.0 = Debug|Any CPU
		{8481D280-47DF-4157-A7F0-7FDFB6AE13BF}.Release|Any CPU.ActiveCfg = Release|Any CPU
		{8481D280-47DF-4157-A7F0-7FDFB6AE13BF}.Release|Any CPU.Build.0 = Release|Any CPU
		{3F7AD5B0-43F0-4D04-A461-7CB8DFB9D378}.Debug|Any CPU.ActiveCfg = Debug|Any CPU
		{3F7AD5B0-43F0-4D04-A461-7CB8DFB9D378}.Debug|Any CPU.Build.0 = Debug|Any CPU
		{3F7AD5B0-43F0-4D04-A461-7CB8DFB9D378}.Release|Any CPU.ActiveCfg = Release|Any CPU
		{3F7AD5B0-43F0-4D04-A461-7CB8DFB9D378}.Release|Any CPU.Build.0 = Release|Any CPU
	EndGlobalSection
	GlobalSection(SolutionProperties) = preSolution
		HideSolutionNode = FALSE
	EndGlobalSection
	GlobalSection(NestedProjects) = preSolution
		{69619070-59E4-44DD-9660-AB426C31D7EF} = {A5F23AF1-7920-413D-946F-98A02B3F7983}
		{B2B86F04-6180-466D-92F6-66954F76DFF6} = {A5F23AF1-7920-413D-946F-98A02B3F7983}
		{FB46B842-7A6F-4D54-B776-AAE56650EB2B} = {A5F23AF1-7920-413D-946F-98A02B3F7983}
		{8481D280-47DF-4157-A7F0-7FDFB6AE13BF} = {A5F23AF1-7920-413D-946F-98A02B3F7983}
		{3F7AD5B0-43F0-4D04-A461-7CB8DFB9D378} = {A5F23AF1-7920-413D-946F-98A02B3F7983}
	EndGlobalSection
	GlobalSection(ExtensibilityGlobals) = postSolution
		SolutionGuid = {C35E474E-06B4-4AB5-95BE-F6800BBE7789}
	EndGlobalSection
EndGlobal
